{
    "_readme": [
        "This file locks the dependencies of your project to a known state",
        "Read more about it at https://getcomposer.org/doc/01-basic-usage.md#installing-dependencies",
        "This file is @generated automatically"
    ],
    "content-hash": "3b0d9181a405e04e1ea8a2042372a461",
    "packages": [
        {
            "name": "brick/math",
            "version": "0.9.3",
            "source": {
                "type": "git",
                "url": "https://github.com/brick/math.git",
                "reference": "ca57d18f028f84f777b2168cd1911b0dee2343ae"
            },
            "dist": {
                "type": "zip",
                "url": "https://api.github.com/repos/brick/math/zipball/ca57d18f028f84f777b2168cd1911b0dee2343ae",
                "reference": "ca57d18f028f84f777b2168cd1911b0dee2343ae",
                "shasum": ""
            },
            "require": {
                "ext-json": "*",
                "php": "^7.1 || ^8.0"
            },
            "require-dev": {
                "php-coveralls/php-coveralls": "^2.2",
                "phpunit/phpunit": "^7.5.15 || ^8.5 || ^9.0",
                "vimeo/psalm": "4.9.2"
            },
            "type": "library",
            "autoload": {
                "psr-4": {
                    "Brick\\Math\\": "src/"
                }
            },
            "notification-url": "https://packagist.org/downloads/",
            "license": [
                "MIT"
            ],
            "description": "Arbitrary-precision arithmetic library",
            "keywords": [
                "Arbitrary-precision",
                "BigInteger",
                "BigRational",
                "arithmetic",
                "bigdecimal",
                "bignum",
                "brick",
                "math"
            ],
            "support": {
                "issues": "https://github.com/brick/math/issues",
                "source": "https://github.com/brick/math/tree/0.9.3"
            },
            "funding": [
                {
                    "url": "https://github.com/BenMorel",
                    "type": "github"
                },
                {
                    "url": "https://tidelift.com/funding/github/packagist/brick/math",
                    "type": "tidelift"
                }
            ],
            "time": "2021-08-15T20:50:18+00:00"
        },
        {
            "name": "brick/money",
            "version": "0.5.3",
            "source": {
                "type": "git",
                "url": "https://github.com/brick/money.git",
                "reference": "49e6597470da74f6a9f1dd7d5286ea3b4756b7e0"
            },
            "dist": {
                "type": "zip",
                "url": "https://api.github.com/repos/brick/money/zipball/49e6597470da74f6a9f1dd7d5286ea3b4756b7e0",
                "reference": "49e6597470da74f6a9f1dd7d5286ea3b4756b7e0",
                "shasum": ""
            },
            "require": {
                "brick/math": "~0.7.3 || ~0.8.0 || ~0.9.0",
                "php": "^7.1 || ^8.0"
            },
            "require-dev": {
                "brick/varexporter": "~0.2.1",
                "ext-dom": "*",
                "ext-pdo": "*",
                "php-coveralls/php-coveralls": "^2.2",
                "phpunit/phpunit": "^7.5.15 || ^8.0 || ^9.0",
                "vimeo/psalm": "4.9.2"
            },
            "suggest": {
                "ext-intl": "Required to format Money objects"
            },
            "type": "library",
            "autoload": {
                "psr-4": {
                    "Brick\\Money\\": "src/"
                }
            },
            "notification-url": "https://packagist.org/downloads/",
            "license": [
                "MIT"
            ],
            "description": "Money and currency library",
            "keywords": [
                "brick",
                "currency",
                "money"
            ],
            "support": {
                "issues": "https://github.com/brick/money/issues",
                "source": "https://github.com/brick/money/tree/0.5.3"
            },
            "funding": [
                {
                    "url": "https://github.com/BenMorel",
                    "type": "github"
                },
                {
                    "url": "https://tidelift.com/funding/github/packagist/brick/money",
                    "type": "tidelift"
                }
            ],
            "time": "2021-10-10T11:59:43+00:00"
        }
    ],
    "packages-dev": [],
    "aliases": [],
    "minimum-stability": "stable",
    "stability-flags": [],
    "prefer-stable": false,
    "prefer-lowest": false,
    "platform": [],
    "platform-dev": [],
    "plugin-api-version": "2.1.0"
}
